// !$*UTF8*$!
{
	archiveVersion = 1;
	classes = {
	};
	objectVersion = 55;
	objects = {

/* Begin PBXBuildFile section */
		8F47BC46287BEA6D00F08B8F /* CharacterCell.swift in Sources */ = {isa = PBXBuildFile; fileRef = 8F47BC45287BEA6D00F08B8F /* CharacterCell.swift */; };
		8F47BC49287BEB0700F08B8F /* DetailedInformationViewController.swift in Sources */ = {isa = PBXBuildFile; fileRef = 8F47BC48287BEB0700F08B8F /* DetailedInformationViewController.swift */; };
		8F4D57AE2876A9AF00349ACE /* ListOfCharactersViewController.swift in Sources */ = {isa = PBXBuildFile; fileRef = 8F4D57AD2876A9AF00349ACE /* ListOfCharactersViewController.swift */; };
		8F6EF62A2875D5AB00C5AF3F /* AppDelegate.swift in Sources */ = {isa = PBXBuildFile; fileRef = 8F6EF6292875D5AB00C5AF3F /* AppDelegate.swift */; };
		8F6EF62C2875D5AB00C5AF3F /* SceneDelegate.swift in Sources */ = {isa = PBXBuildFile; fileRef = 8F6EF62B2875D5AB00C5AF3F /* SceneDelegate.swift */; };
		8F6EF6312875D5AB00C5AF3F /* Main.storyboard in Resources */ = {isa = PBXBuildFile; fileRef = 8F6EF62F2875D5AB00C5AF3F /* Main.storyboard */; };
		8F6EF6332875D5AF00C5AF3F /* Assets.xcassets in Resources */ = {isa = PBXBuildFile; fileRef = 8F6EF6322875D5AF00C5AF3F /* Assets.xcassets */; };
		8F6EF6362875D5AF00C5AF3F /* LaunchScreen.storyboard in Resources */ = {isa = PBXBuildFile; fileRef = 8F6EF6342875D5AF00C5AF3F /* LaunchScreen.storyboard */; };
		8F6EF63E2875D99E00C5AF3F /* RickAndMorty.swift in Sources */ = {isa = PBXBuildFile; fileRef = 8F6EF63D2875D99E00C5AF3F /* RickAndMorty.swift */; };
/* End PBXBuildFile section */

/* Begin PBXFileReference section */
		8F47BC45287BEA6D00F08B8F /* CharacterCell.swift */ = {isa = PBXFileReference; lastKnownFileType = sourcecode.swift; path = CharacterCell.swift; sourceTree = "<group>"; };
		8F47BC48287BEB0700F08B8F /* DetailedInformationViewController.swift */ = {isa = PBXFileReference; lastKnownFileType = sourcecode.swift; path = DetailedInformationViewController.swift; sourceTree = "<group>"; };
		8F4D57AD2876A9AF00349ACE /* ListOfCharactersViewController.swift */ = {isa = PBXFileReference; lastKnownFileType = sourcecode.swift; path = ListOfCharactersViewController.swift; sourceTree = "<group>"; };
		8F6EF6262875D5AB00C5AF3F /* RickAndMorty.app */ = {isa = PBXFileReference; explicitFileType = wrapper.application; includeInIndex = 0; path = RickAndMorty.app; sourceTree = BUILT_PRODUCTS_DIR; };
		8F6EF6292875D5AB00C5AF3F /* AppDelegate.swift */ = {isa = PBXFileReference; lastKnownFileType = sourcecode.swift; path = AppDelegate.swift; sourceTree = "<group>"; };
		8F6EF62B2875D5AB00C5AF3F /* SceneDelegate.swift */ = {isa = PBXFileReference; lastKnownFileType = sourcecode.swift; path = SceneDelegate.swift; sourceTree = "<group>"; };
		8F6EF6302875D5AB00C5AF3F /* Base */ = {isa = PBXFileReference; lastKnownFileType = file.storyboard; name = Base; path = Base.lproj/Main.storyboard; sourceTree = "<group>"; };
		8F6EF6322875D5AF00C5AF3F /* Assets.xcassets */ = {isa = PBXFileReference; lastKnownFileType = folder.assetcatalog; path = Assets.xcassets; sourceTree = "<group>"; };
		8F6EF6352875D5AF00C5AF3F /* Base */ = {isa = PBXFileReference; lastKnownFileType = file.storyboard; name = Base; path = Base.lproj/LaunchScreen.storyboard; sourceTree = "<group>"; };
		8F6EF6372875D5AF00C5AF3F /* Info.plist */ = {isa = PBXFileReference; lastKnownFileType = text.plist.xml; path = Info.plist; sourceTree = "<group>"; };
		8F6EF63D2875D99E00C5AF3F /* RickAndMorty.swift */ = {isa = PBXFileReference; lastKnownFileType = sourcecode.swift; path = RickAndMorty.swift; sourceTree = "<group>"; };
/* End PBXFileReference section */

/* Begin PBXFrameworksBuildPhase section */
		8F6EF6232875D5AB00C5AF3F /* Frameworks */ = {
			isa = PBXFrameworksBuildPhase;
			buildActionMask = 2147483647;
			files = (
			);
			runOnlyForDeploymentPostprocessing = 0;
		};
/* End PBXFrameworksBuildPhase section */

/* Begin PBXGroup section */
		8F47BC47287BEAAC00F08B8F /* DetailedInformation */ = {
			isa = PBXGroup;
			children = (
				8F47BC48287BEB0700F08B8F /* DetailedInformationViewController.swift */,
			);
			path = DetailedInformation;
			sourceTree = "<group>";
		};
		8F4D57B12876ABE400349ACE /* List of characters */ = {
			isa = PBXGroup;
			children = (
				8F4D57AD2876A9AF00349ACE /* ListOfCharactersViewController.swift */,
				8F47BC45287BEA6D00F08B8F /* CharacterCell.swift */,
			);
			path = "List of characters";
			sourceTree = "<group>";
		};
		8F6EF61D2875D5AB00C5AF3F = {
			isa = PBXGroup;
			children = (
				8F6EF6282875D5AB00C5AF3F /* RickAndMorty */,
				8F6EF6272875D5AB00C5AF3F /* Products */,
			);
			sourceTree = "<group>";
		};
		8F6EF6272875D5AB00C5AF3F /* Products */ = {
			isa = PBXGroup;
			children = (
				8F6EF6262875D5AB00C5AF3F /* RickAndMorty.app */,
			);
			name = Products;
			sourceTree = "<group>";
		};
		8F6EF6282875D5AB00C5AF3F /* RickAndMorty */ = {
			isa = PBXGroup;
			children = (
				8F6EF6292875D5AB00C5AF3F /* AppDelegate.swift */,
				8F6EF62B2875D5AB00C5AF3F /* SceneDelegate.swift */,
				8F6EF63D2875D99E00C5AF3F /* RickAndMorty.swift */,
				8F4D57B12876ABE400349ACE /* List of characters */,
				8F47BC47287BEAAC00F08B8F /* DetailedInformation */,
				8F6EF62F2875D5AB00C5AF3F /* Main.storyboard */,
				8F6EF6322875D5AF00C5AF3F /* Assets.xcassets */,
				8F6EF6342875D5AF00C5AF3F /* LaunchScreen.storyboard */,
				8F6EF6372875D5AF00C5AF3F /* Info.plist */,
			);
			path = RickAndMorty;
			sourceTree = "<group>";
		};
/* End PBXGroup section */

/* Begin PBXNativeTarget section */
		8F6EF6252875D5AB00C5AF3F /* RickAndMorty */ = {
			isa = PBXNativeTarget;
			buildConfigurationList = 8F6EF63A2875D5AF00C5AF3F /* Build configuration list for PBXNativeTarget "RickAndMorty" */;
			buildPhases = (
				8F6EF6222875D5AB00C5AF3F /* Sources */,
				8F6EF6232875D5AB00C5AF3F /* Frameworks */,
				8F6EF6242875D5AB00C5AF3F /* Resources */,
			);
			buildRules = (
			);
			dependencies = (
			);
			name = RickAndMorty;
			productName = RickAndMorty;
			productReference = 8F6EF6262875D5AB00C5AF3F /* RickAndMorty.app */;
			productType = "com.apple.product-type.application";
		};
/* End PBXNativeTarget section */

/* Begin PBXProject section */
		8F6EF61E2875D5AB00C5AF3F /* Project object */ = {
			isa = PBXProject;
			attributes = {
				BuildIndependentTargetsInParallel = 1;
				LastSwiftUpdateCheck = 1340;
				LastUpgradeCheck = 1340;
				TargetAttributes = {
					8F6EF6252875D5AB00C5AF3F = {
						CreatedOnToolsVersion = 13.4.1;
					};
				};
			};
			buildConfigurationList = 8F6EF6212875D5AB00C5AF3F /* Build configuration list for PBXProject "RickAndMorty" */;
			compatibilityVersion = "Xcode 13.0";
			developmentRegion = en;
			hasScannedForEncodings = 0;
			knownRegions = (
				en,
				Base,
			);
			mainGroup = 8F6EF61D2875D5AB00C5AF3F;
			productRefGroup = 8F6EF6272875D5AB00C5AF3F /* Products */;
			projectDirPath = "";
			projectRoot = "";
			targets = (
				8F6EF6252875D5AB00C5AF3F /* RickAndMorty */,
			);
		};
/* End PBXProject section */

/* Begin PBXResourcesBuildPhase section */
		8F6EF6242875D5AB00C5AF3F /* Resources */ = {
			isa = PBXResourcesBuildPhase;
			buildActionMask = 2147483647;
			files = (
				8F6EF6362875D5AF00C5AF3F /* LaunchScreen.storyboard in Resources */,
				8F6EF6332875D5AF00C5AF3F /* Assets.xcassets in Resources */,
				8F6EF6312875D5AB00C5AF3F /* Main.storyboard in Resources */,
			);
			runOnlyForDeploymentPostprocessing = 0;
		};
/* End PBXResourcesBuildPhase section */

/* Begin PBXSourcesBuildPhase section */
		8F6EF6222875D5AB00C5AF3F /* Sources */ = {
			isa = PBXSourcesBuildPhase;
			buildActionMask = 2147483647;
			files = (
				8F47BC46287BEA6D00F08B8F /* CharacterCell.swift in Sources */,
				8F6EF63E2875D99E00C5AF3F /* RickAndMorty.swift in Sources */,
				8F6EF62A2875D5AB00C5AF3F /* AppDelegate.swift in Sources */,
				8F6EF62C2875D5AB00C5AF3F /* SceneDelegate.swift in Sources */,
				8F4D57AE2876A9AF00349ACE /* ListOfCharactersViewController.swift in Sources */,
				8F47BC49287BEB0700F08B8F /* DetailedInformationViewController.swift in Sources */,
			);
			runOnlyForDeploymentPostprocessing = 0;
		};
/* End PBXSourcesBuildPhase section */

/* Begin PBXVariantGroup section */
		8F6EF62F2875D5AB00C5AF3F /* Main.storyboard */ = {
			isa = PBXVariantGroup;
			children = (
				8F6EF6302875D5AB00C5AF3F /* Base */,
			);
			name = Main.storyboard;
			sourceTree = "<group>";
		};
		8F6EF6342875D5AF00C5AF3F /* LaunchScreen.storyboard */ = {
			isa = PBXVariantGroup;
			children = (
				8F6EF6352875D5AF00C5AF3F /* Base */,
			);
			name = LaunchScreen.storyboard;
			sourceTree = "<group>";
		};
/* End PBXVariantGroup section */

/* Begin XCBuildConfiguration section */
		8F6EF6382875D5AF00C5AF3F /* Debug */ = {
			isa = XCBuildConfiguration;
			buildSettings = {
				ALWAYS_SEARCH_USER_PATHS = NO;
				CLANG_ANALYZER_NONNULL = YES;
				CLANG_ANALYZER_NUMBER_OBJECT_CONVERSION = YES_AGGRESSIVE;
				CLANG_CXX_LANGUAGE_STANDARD = "gnu++17";
				CLANG_ENABLE_MODULES = YES;
				CLANG_ENABLE_OBJC_ARC = YES;
				CLANG_ENABLE_OBJC_WEAK = YES;
				CLANG_WARN_BLOCK_CAPTURE_AUTORELEASING = YES;
				CLANG_WARN_BOOL_CONVERSION = YES;
				CLANG_WARN_COMMA = YES;
				CLANG_WARN_CONSTANT_CONVERSION = YES;
				CLANG_WARN_DEPRECATED_OBJC_IMPLEMENTATIONS = YES;
				CLANG_WARN_DIRECT_OBJC_ISA_USAGE = YES_ERROR;
				CLANG_WARN_DOCUMENTATION_COMMENTS = YES;
				CLANG_WARN_EMPTY_BODY = YES;
				CLANG_WARN_ENUM_CONVERSION = YES;
				CLANG_WARN_INFINITE_RECURSION = YES;
				CLANG_WARN_INT_CONVERSION = YES;
				CLANG_WARN_NON_LITERAL_NULL_CONVERSION = YES;
				CLANG_WARN_OBJC_IMPLICIT_RETAIN_SELF = YES;
				CLANG_WARN_OBJC_LITERAL_CONVERSION = YES;
				CLANG_WARN_OBJC_ROOT_CLASS = YES_ERROR;
				CLANG_WARN_QUOTED_INCLUDE_IN_FRAMEWORK_HEADER = YES;
				CLANG_WARN_RANGE_LOOP_ANALYSIS = YES;
				CLANG_WARN_STRICT_PROTOTYPES = YES;
				CLANG_WARN_SUSPICIOUS_MOVE = YES;
				CLANG_WARN_UNGUARDED_AVAILABILITY = YES_AGGRESSIVE;
				CLANG_WARN_UNREACHABLE_CODE = YES;
				CLANG_WARN__DUPLICATE_METHOD_MATCH = YES;
				COPY_PHASE_STRIP = NO;
				DEBUG_INFORMATION_FORMAT = dwarf;
				ENABLE_STRICT_OBJC_MSGSEND = YES;
				ENABLE_TESTABILITY = YES;
				GCC_C_LANGUAGE_STANDARD = gnu11;
				GCC_DYNAMIC_NO_PIC = NO;
				GCC_NO_COMMON_BLOCKS = YES;
				GCC_OPTIMIZATION_LEVEL = 0;
				GCC_PREPROCESSOR_DEFINITIONS = (
					"DEBUG=1",
					"$(inherited)",
				);
				GCC_WARN_64_TO_32_BIT_CONVERSION = YES;
				GCC_WARN_ABOUT_RETURN_TYPE = YES_ERROR;
				GCC_WARN_UNDECLARED_SELECTOR = YES;
				GCC_WARN_UNINITIALIZED_AUTOS = YES_AGGRESSIVE;
				GCC_WARN_UNUSED_FUNCTION = YES;
				GCC_WARN_UNUSED_VARIABLE = YES;
				IPHONEOS_DEPLOYMENT_TARGET = 15.5;
				MTL_ENABLE_DEBUG_INFO = INCLUDE_SOURCE;
				MTL_FAST_MATH = YES;
				ONLY_ACTIVE_ARCH = YES;
				SDKROOT = iphoneos;
				SWIFT_ACTIVE_COMPILATION_CONDITIONS = DEBUG;
				SWIFT_OPTIMIZATION_LEVEL = "-Onone";
			};
			name = Debug;
		};
		8F6EF6392875D5AF00C5AF3F /* Release */ = {
			isa = XCBuildConfiguration;
			buildSettings = {
				ALWAYS_SEARCH_USER_PATHS = NO;
				CLANG_ANALYZER_NONNULL = YES;
				CLANG_ANALYZER_NUMBER_OBJECT_CONVERSION = YES_AGGRESSIVE;
				CLANG_CXX_LANGUAGE_STANDARD = "gnu++17";
				CLANG_ENABLE_MODULES = YES;
				CLANG_ENABLE_OBJC_ARC = YES;
				CLANG_ENABLE_OBJC_WEAK = YES;
				CLANG_WARN_BLOCK_CAPTURE_AUTORELEASING = YES;
				CLANG_WARN_BOOL_CONVERSION = YES;
				CLANG_WARN_COMMA = YES;
				CLANG_WARN_CONSTANT_CONVERSION = YES;
				CLANG_WARN_DEPRECATED_OBJC_IMPLEMENTATIONS = YES;
				CLANG_WARN_DIRECT_OBJC_ISA_USAGE = YES_ERROR;
				CLANG_WARN_DOCUMENTATION_COMMENTS = YES;
				CLANG_WARN_EMPTY_BODY = YES;
				CLANG_WARN_ENUM_CONVERSION = YES;
				CLANG_WARN_INFINITE_RECURSION = YES;
				CLANG_WARN_INT_CONVERSION = YES;
				CLANG_WARN_NON_LITERAL_NULL_CONVERSION = YES;
				CLANG_WARN_OBJC_IMPLICIT_RETAIN_SELF = YES;
				CLANG_WARN_OBJC_LITERAL_CONVERSION = YES;
				CLANG_WARN_OBJC_ROOT_CLASS = YES_ERROR;
				CLANG_WARN_QUOTED_INCLUDE_IN_FRAMEWORK_HEADER = YES;
				CLANG_WARN_RANGE_LOOP_ANALYSIS = YES;
				CLANG_WARN_STRICT_PROTOTYPES = YES;
				CLANG_WARN_SUSPICIOUS_MOVE = YES;
				CLANG_WARN_UNGUARDED_AVAILABILITY = YES_AGGRESSIVE;
				CLANG_WARN_UNREACHABLE_CODE = YES;
				CLANG_WARN__DUPLICATE_METHOD_MATCH = YES;
				COPY_PHASE_STRIP = NO;
				DEBUG_INFORMATION_FORMAT = "dwarf-with-dsym";
				ENABLE_NS_ASSERTIONS = NO;
				ENABLE_STRICT_OBJC_MSGSEND = YES;
				GCC_C_LANGUAGE_STANDARD = gnu11;
				GCC_NO_COMMON_BLOCKS = YES;
				GCC_WARN_64_TO_32_BIT_CONVERSION = YES;
				GCC_WARN_ABOUT_RETURN_TYPE = YES_ERROR;
				GCC_WARN_UNDECLARED_SELECTOR = YES;
				GCC_WARN_UNINITIALIZED_AUTOS = YES_AGGRESSIVE;
				GCC_WARN_UNUSED_FUNCTION = YES;
				GCC_WARN_UNUSED_VARIABLE = YES;
				IPHONEOS_DEPLOYMENT_TARGET = 15.5;
				MTL_ENABLE_DEBUG_INFO = NO;
				MTL_FAST_MATH = YES;
				SDKROOT = iphoneos;
				SWIFT_COMPILATION_MODE = wholemodule;
				SWIFT_OPTIMIZATION_LEVEL = "-O";
				VALIDATE_PRODUCT = YES;
			};
			name = Release;
		};
		8F6EF63B2875D5AF00C5AF3F /* Debug */ = {
			isa = XCBuildConfiguration;
			buildSettings = {
				ASSETCATALOG_COMPILER_APPICON_NAME = AppIcon;
				ASSETCATALOG_COMPILER_GLOBAL_ACCENT_COLOR_NAME = AccentColor;
				CODE_SIGN_STYLE = Automatic;
				CURRENT_PROJECT_VERSION = 1;
				GENERATE_INFOPLIST_FILE = YES;
				INFOPLIST_FILE = RickAndMorty/Info.plist;
				INFOPLIST_KEY_UIApplicationSupportsIndirectInputEvents = YES;
				INFOPLIST_KEY_UILaunchStoryboardName = LaunchScreen;
				INFOPLIST_KEY_UIMainStoryboardFile = Main;
				INFOPLIST_KEY_UISupportedInterfaceOrientations_iPad = "UIInterfaceOrientationPortrait UIInterfaceOrientationPortraitUpsideDown UIInterfaceOrientationLandscapeLeft UIInterfaceOrientationLandscapeRight";
				INFOPLIST_KEY_UISupportedInterfaceOrientations_iPhone = "UIInterfaceOrientationPortrait UIInterfaceOrientationLandscapeLeft UIInterfaceOrientationLandscapeRight";
				LD_RUNPATH_SEARCH_PATHS = (
					"$(inherited)",
					"@executable_path/Frameworks",
				);
				MARKETING_VERSION = 1.0;
				PRODUCT_BUNDLE_IDENTIFIER = None.RickAndMorty;
				PRODUCT_NAME = "$(TARGET_NAME)";
				SWIFT_EMIT_LOC_STRINGS = YES;
				SWIFT_VERSION = 5.0;
				TARGETED_DEVICE_FAMILY = "1,2";
			};
			name = Debug;
		};
		8F6EF63C2875D5AF00C5AF3F /* Release */ = {
			isa = XCBuildConfiguration;
			buildSettings = {
				ASSETCATALOG_COMPILER_APPICON_NAME = AppIcon;
				ASSETCATALOG_COMPILER_GLOBAL_ACCENT_COLOR_NAME = AccentColor;
				CODE_SIGN_STYLE = Automatic;
				CURRENT_PROJECT_VERSION = 1;
				GENERATE_INFOPLIST_FILE = YES;
				INFOPLIST_FILE = RickAndMorty/Info.plist;
				INFOPLIST_KEY_UIApplicationSupportsIndirectInputEvents = YES;
				INFOPLIST_KEY_UILaunchStoryboardName = LaunchScreen;
				INFOPLIST_KEY_UIMainStoryboardFile = Main;
				INFOPLIST_KEY_UISupportedInterfaceOrientations_iPad = "UIInterfaceOrientationPortrait UIInterfaceOrientationPortraitUpsideDown UIInterfaceOrientationLandscapeLeft UIInterfaceOrientationLandscapeRight";
				INFOPLIST_KEY_UISupportedInterfaceOrientations_iPhone = "UIInterfaceOrientationPortrait UIInterfaceOrientationLandscapeLeft UIInterfaceOrientationLandscapeRight";
				LD_RUNPATH_SEARCH_PATHS = (
					"$(inherited)",
					"@executable_path/Frameworks",
				);
				MARKETING_VERSION = 1.0;
				PRODUCT_BUNDLE_IDENTIFIER = None.RickAndMorty;
				PRODUCT_NAME = "$(TARGET_NAME)";
				SWIFT_EMIT_LOC_STRINGS = YES;
				SWIFT_VERSION = 5.0;
				TARGETED_DEVICE_FAMILY = "1,2";
			};
			name = Release;
		};
/* End XCBuildConfiguration section */

/* Begin XCConfigurationList section */
		8F6EF6212875D5AB00C5AF3F /* Build configuration list for PBXProject "RickAndMorty" */ = {
			isa = XCConfigurationList;
			buildConfigurations = (
				8F6EF6382875D5AF00C5AF3F /* Debug */,
				8F6EF6392875D5AF00C5AF3F /* Release */,
			);
			defaultConfigurationIsVisible = 0;
			defaultConfigurationName = Release;
		};
		8F6EF63A2875D5AF00C5AF3F /* Build configuration list for PBXNativeTarget "RickAndMorty" */ = {
			isa = XCConfigurationList;
			buildConfigurations = (
				8F6EF63B2875D5AF00C5AF3F /* Debug */,
				8F6EF63C2875D5AF00C5AF3F /* Release */,
			);
			defaultConfigurationIsVisible = 0;
			defaultConfigurationName = Release;
		};
/* End XCConfigurationList section */
	};
	rootObject = 8F6EF61E2875D5AB00C5AF3F /* Project object */;
}
